
Microsoft Visual Studio Solution File, Format Version 12.00
# Visual Studio Version 17
VisualStudioVersion = 17.1.32228.430
MinimumVisualStudioVersion = 10.0.40219.1
Project("{FAE04EC0-301F-11D3-BF4B-00C04F79EFBC}") = "Lab14Crud.Android", "Lab14Crud\Lab14Crud.Android\Lab14Crud.Android.csproj", "{66E742CB-99CA-4915-95E9-95796DF2A301}"
EndProject
Project("{FAE04EC0-301F-11D3-BF4B-00C04F79EFBC}") = "Lab14Crud.iOS", "Lab14Crud\Lab14Crud.iOS\Lab14Crud.iOS.csproj", "{AC4A2C9C-6F7D-4916-9CB6-A8F78E71B2F1}"
EndProject
Project("{FAE04EC0-301F-11D3-BF4B-00C04F79EFBC}") = "Lab14Crud", "Lab14Crud\Lab14Crud\Lab14Crud.csproj", "{F8D31ACD-51C6-4D7B-A5EE-B7A0D3F047D6}"
EndProject
Global
	GlobalSection(SolutionConfigurationPlatforms) = preSolution
		Debug|Any CPU = Debug|Any CPU
		Debug|iPhone = Debug|iPhone
		Debug|iPhoneSimulator = Debug|iPhoneSimulator
		Release|Any CPU = Release|Any CPU
		Release|iPhone = Release|iPhone
		Release|iPhoneSimulator = Release|iPhoneSimulator
	EndGlobalSection
	GlobalSection(ProjectConfigurationPlatforms) = postSolution
		{66E742CB-99CA-4915-95E9-95796DF2A301}.Debug|Any CPU.ActiveCfg = Debug|Any CPU
		{66E742CB-99CA-4915-95E9-95796DF2A301}.Debug|Any CPU.Build.0 = Debug|Any CPU
		{66E742CB-99CA-4915-95E9-95796DF2A301}.Debug|Any CPU.Deploy.0 = Debug|Any CPU
		{66E742CB-99CA-4915-95E9-95796DF2A301}.Debug|iPhone.ActiveCfg = Debug|Any CPU
		{66E742CB-99CA-4915-95E9-95796DF2A301}.Debug|iPhone.Build.0 = Debug|Any CPU
		{66E742CB-99CA-4915-95E9-95796DF2A301}.Debug|iPhone.Deploy.0 = Debug|Any CPU
		{66E742CB-99CA-4915-95E9-95796DF2A301}.Debug|iPhoneSimulator.ActiveCfg = Debug|Any CPU
		{66E742CB-99CA-4915-95E9-95796DF2A301}.Debug|iPhoneSimulator.Build.0 = Debug|Any CPU
		{66E742CB-99CA-4915-95E9-95796DF2A301}.Debug|iPhoneSimulator.Deploy.0 = Debug|Any CPU
		{66E742CB-99CA-4915-95E9-95796DF2A301}.Release|Any CPU.ActiveCfg = Release|Any CPU
		{66E742CB-99CA-4915-95E9-95796DF2A301}.Release|Any CPU.Build.0 = Release|Any CPU
		{66E742CB-99CA-4915-95E9-95796DF2A301}.Release|Any CPU.Deploy.0 = Release|Any CPU
		{66E742CB-99CA-4915-95E9-95796DF2A301}.Release|iPhone.ActiveCfg = Release|Any CPU
		{66E742CB-99CA-4915-95E9-95796DF2A301}.Release|iPhone.Build.0 = Release|Any CPU
		{66E742CB-99CA-4915-95E9-95796DF2A301}.Release|iPhone.Deploy.0 = Release|Any CPU
		{66E742CB-99CA-4915-95E9-95796DF2A301}.Release|iPhoneSimulator.ActiveCfg = Release|Any CPU
		{66E742CB-99CA-4915-95E9-95796DF2A301}.Release|iPhoneSimulator.Build.0 = Release|Any CPU
		{66E742CB-99CA-4915-95E9-95796DF2A301}.Release|iPhoneSimulator.Deploy.0 = Release|Any CPU
		{AC4A2C9C-6F7D-4916-9CB6-A8F78E71B2F1}.Debug|Any CPU.ActiveCfg = Debug|iPhone
		{AC4A2C9C-6F7D-4916-9CB6-A8F78E71B2F1}.Debug|Any CPU.Build.0 = Debug|iPhone
		{AC4A2C9C-6F7D-4916-9CB6-A8F78E71B2F1}.Debug|Any CPU.Deploy.0 = Debug|iPhone
		{AC4A2C9C-6F7D-4916-9CB6-A8F78E71B2F1}.Debug|iPhone.ActiveCfg = Debug|iPhone
		{AC4A2C9C-6F7D-4916-9CB6-A8F78E71B2F1}.Debug|iPhone.Build.0 = Debug|iPhone
		{AC4A2C9C-6F7D-4916-9CB6-A8F78E71B2F1}.Debug|iPhone.Deploy.0 = Debug|iPhone
		{AC4A2C9C-6F7D-4916-9CB6-A8F78E71B2F1}.Debug|iPhoneSimulator.ActiveCfg = Debug|iPhoneSimulator
		{AC4A2C9C-6F7D-4916-9CB6-A8F78E71B2F1}.Debug|iPhoneSimulator.Build.0 = Debug|iPhoneSimulator
		{AC4A2C9C-6F7D-4916-9CB6-A8F78E71B2F1}.Debug|iPhoneSimulator.Deploy.0 = Debug|iPhoneSimulator
		{AC4A2C9C-6F7D-4916-9CB6-A8F78E71B2F1}.Release|Any CPU.ActiveCfg = Release|iPhoneSimulator
		{AC4A2C9C-6F7D-4916-9CB6-A8F78E71B2F1}.Release|Any CPU.Build.0 = Release|iPhoneSimulator
		{AC4A2C9C-6F7D-4916-9CB6-A8F78E71B2F1}.Release|Any CPU.Deploy.0 = Release|iPhoneSimulator
		{AC4A2C9C-6F7D-4916-9CB6-A8F78E71B2F1}.Release|iPhone.ActiveCfg = Release|iPhone
		{AC4A2C9C-6F7D-4916-9CB6-A8F78E71B2F1}.Release|iPhone.Build.0 = Release|iPhone
		{AC4A2C9C-6F7D-4916-9CB6-A8F78E71B2F1}.Release|iPhone.Deploy.0 = Release|iPhone
		{AC4A2C9C-6F7D-4916-9CB6-A8F78E71B2F1}.Release|iPhoneSimulator.ActiveCfg = Release|iPhoneSimulator
		{AC4A2C9C-6F7D-4916-9CB6-A8F78E71B2F1}.Release|iPhoneSimulator.Build.0 = Release|iPhoneSimulator
		{AC4A2C9C-6F7D-4916-9CB6-A8F78E71B2F1}.Release|iPhoneSimulator.Deploy.0 = Release|iPhoneSimulator
		{F8D31ACD-51C6-4D7B-A5EE-B7A0D3F047D6}.Debug|Any CPU.ActiveCfg = Debug|Any CPU
		{F8D31ACD-51C6-4D7B-A5EE-B7A0D3F047D6}.Debug|Any CPU.Build.0 = Debug|Any CPU
		{F8D31ACD-51C6-4D7B-A5EE-B7A0D3F047D6}.Debug|Any CPU.Deploy.0 = Debug|Any CPU
		{F8D31ACD-51C6-4D7B-A5EE-B7A0D3F047D6}.Debug|iPhone.ActiveCfg = Debug|Any CPU
		{F8D31ACD-51C6-4D7B-A5EE-B7A0D3F047D6}.Debug|iPhone.Build.0 = Debug|Any CPU
		{F8D31ACD-51C6-4D7B-A5EE-B7A0D3F047D6}.Debug|iPhone.Deploy.0 = Debug|Any CPU
		{F8D31ACD-51C6-4D7B-A5EE-B7A0D3F047D6}.Debug|iPhoneSimulator.ActiveCfg = Debug|Any CPU
		{F8D31ACD-51C6-4D7B-A5EE-B7A0D3F047D6}.Debug|iPhoneSimulator.Build.0 = Debug|Any CPU
		{F8D31ACD-51C6-4D7B-A5EE-B7A0D3F047D6}.Debug|iPhoneSimulator.Deploy.0 = Debug|Any CPU
		{F8D31ACD-51C6-4D7B-A5EE-B7A0D3F047D6}.Release|Any CPU.ActiveCfg = Release|Any CPU
		{F8D31ACD-51C6-4D7B-A5EE-B7A0D3F047D6}.Release|Any CPU.Build.0 = Release|Any CPU
		{F8D31ACD-51C6-4D7B-A5EE-B7A0D3F047D6}.Release|Any CPU.Deploy.0 = Release|Any CPU
		{F8D31ACD-51C6-4D7B-A5EE-B7A0D3F047D6}.Release|iPhone.ActiveCfg = Release|Any CPU
		{F8D31ACD-51C6-4D7B-A5EE-B7A0D3F047D6}.Release|iPhone.Build.0 = Release|Any CPU
		{F8D31ACD-51C6-4D7B-A5EE-B7A0D3F047D6}.Release|iPhone.Deploy.0 = Release|Any CPU
		{F8D31ACD-51C6-4D7B-A5EE-B7A0D3F047D6}.Release|iPhoneSimulator.ActiveCfg = Release|Any CPU
		{F8D31ACD-51C6-4D7B-A5EE-B7A0D3F047D6}.Release|iPhoneSimulator.Build.0 = Release|Any CPU
		{F8D31ACD-51C6-4D7B-A5EE-B7A0D3F047D6}.Release|iPhoneSimulator.Deploy.0 = Release|Any CPU
	EndGlobalSection
	GlobalSection(SolutionProperties) = preSolution
		HideSolutionNode = FALSE
	EndGlobalSection
	GlobalSection(ExtensibilityGlobals) = postSolution
		SolutionGuid = {AFC764F0-2362-4198-9346-2F837E244540}
	EndGlobalSection
EndGlobal
